
Microsoft Visual Studio Solution File, Format Version 12.00
# Visual Studio 15
VisualStudioVersion = 15.0.28307.421
MinimumVisualStudioVersion = 10.0.40219.1
Project("{F2A71F9B-5D33-465A-A702-920D77279786}") = "Capstone4", "Capstone4.fsproj", "{0FC6C047-A8D7-478D-B8BB-65DF1EF5663B}"
EndProject
Global
	GlobalSection(SolutionConfigurationPlatforms) = preSolution
		Debug|Any CPU = Debug|Any CPU
		Release|Any CPU = Release|Any CPU
	EndGlobalSection
	GlobalSection(ProjectConfigurationPlatforms) = postSolution
		{0FC6C047-A8D7-478D-B8BB-65DF1EF5663B}.Debug|Any CPU.ActiveCfg = Debug|Any CPU
		{0FC6C047-A8D7-478D-B8BB-65DF1EF5663B}.Debug|Any CPU.Build.0 = Debug|Any CPU
		{0FC6C047-A8D7-478D-B8BB-65DF1EF5663B}.Release|Any CPU.ActiveCfg = Release|Any CPU
		{0FC6C047-A8D7-478D-B8BB-65DF1EF5663B}.Release|Any CPU.Build.0 = Release|Any CPU
	EndGlobalSection
	GlobalSection(SolutionProperties) = preSolution
		HideSolutionNode = FALSE
	EndGlobalSection
	GlobalSection(ExtensibilityGlobals) = postSolution
		SolutionGuid = {78EAC423-F294-4CB3-B914-025424F1F8A7}
	EndGlobalSection
EndGlobal
